
Microsoft Visual Studio Solution File, Format Version 12.00
# Visual Studio Version 16
VisualStudioVersion = 16.0.33027.164
MinimumVisualStudioVersion = 10.0.40219.1
Project("{FAE04EC0-301F-11D3-BF4B-00C04F79EFBC}") = "ComplaintPortal", "ComplaintPortal.csproj", "{0F24A4C2-7F3C-4A14-B62D-FE30E4BFA18F}"
EndProject
Global
	GlobalSection(SolutionConfigurationPlatforms) = preSolution
		Debug|Any CPU = Debug|Any CPU
		Release|Any CPU = Release|Any CPU
	EndGlobalSection
	GlobalSection(ProjectConfigurationPlatforms) = postSolution
		{0F24A4C2-7F3C-4A14-B62D-FE30E4BFA18F}.Debug|Any CPU.ActiveCfg = Debug|Any CPU
		{0F24A4C2-7F3C-4A14-B62D-FE30E4BFA18F}.Debug|Any CPU.Build.0 = Debug|Any CPU
		{0F24A4C2-7F3C-4A14-B62D-FE30E4BFA18F}.Release|Any CPU.ActiveCfg = Release|Any CPU
		{0F24A4C2-7F3C-4A14-B62D-FE30E4BFA18F}.Release|Any CPU.Build.0 = Release|Any CPU
	EndGlobalSection
	GlobalSection(SolutionProperties) = preSolution
		HideSolutionNode = FALSE
	EndGlobalSection
	GlobalSection(ExtensibilityGlobals) = postSolution
		SolutionGuid = {F473E2BB-F492-46AC-926C-FA723CAFEEE6}
	EndGlobalSection
EndGlobal
